Microsoft Visual Studio Solution File, Format Version 12.00
# Visual Studio Version 17
VisualStudioVersion = 17.5.2.0
MinimumVisualStudioVersion = 10.0.40219.1
Project("{2150E333-8FDC-42A3-9474-1A3956D46DE8}") = "EnergyAppWorkspace", "EnergyAppWorkspace", "{896783DE-7429-284D-1378-1226F449D9E1}"
EndProject
Project("{2150E333-8FDC-42A3-9474-1A3956D46DE8}") = "EnergyApp.API", "EnergyApp.API", "{69040B23-9808-159B-C3D9-09A0DD3FC773}"
EndProject
Project("{FAE04EC0-301F-11D3-BF4B-00C04F79EFBC}") = "EnergyApp.API", "EnergyAppWorkspace\EnergyApp.API\EnergyApp.API\EnergyApp.API.csproj", "{9603D918-6F1D-FC8A-7D08-98F06919D06B}"
EndProject
Global
	GlobalSection(SolutionConfigurationPlatforms) = preSolution
		Debug|Any CPU = Debug|Any CPU
		Release|Any CPU = Release|Any CPU
	EndGlobalSection
	GlobalSection(ProjectConfigurationPlatforms) = postSolution
		{9603D918-6F1D-FC8A-7D08-98F06919D06B}.Debug|Any CPU.ActiveCfg = Debug|Any CPU
		{9603D918-6F1D-FC8A-7D08-98F06919D06B}.Debug|Any CPU.Build.0 = Debug|Any CPU
		{9603D918-6F1D-FC8A-7D08-98F06919D06B}.Release|Any CPU.ActiveCfg = Release|Any CPU
		{9603D918-6F1D-FC8A-7D08-98F06919D06B}.Release|Any CPU.Build.0 = Release|Any CPU
	EndGlobalSection
	GlobalSection(SolutionProperties) = preSolution
		HideSolutionNode = FALSE
	EndGlobalSection
	GlobalSection(NestedProjects) = preSolution
		{69040B23-9808-159B-C3D9-09A0DD3FC773} = {896783DE-7429-284D-1378-1226F449D9E1}
		{9603D918-6F1D-FC8A-7D08-98F06919D06B} = {69040B23-9808-159B-C3D9-09A0DD3FC773}
	EndGlobalSection
	GlobalSection(ExtensibilityGlobals) = postSolution
		SolutionGuid = {EB0B1547-6FA6-49FB-A86C-36EAEFAB40AE}
	EndGlobalSection
EndGlobal
